
Microsoft Visual Studio Solution File, Format Version 12.00
# Visual Studio Version 16
VisualStudioVersion = 16.0.31205.134
MinimumVisualStudioVersion = 10.0.40219.1
Project("{9A19103F-16F7-4668-BE54-9A1E7A4F7556}") = "SDLCSimulator_BackEnd", "SDLCSimulator_BackEnd\SDLCSimulator_BackEnd.csproj", "{90C4BD6B-AFD3-44B2-BE8B-446210769F9E}"
EndProject
Project("{FAE04EC0-301F-11D3-BF4B-00C04F79EFBC}") = "SDLCSimulator_BusinessLogic", "SDLCSimulator_BusinessLogic\SDLCSimulator_BusinessLogic.csproj", "{7C035BE2-ED71-403A-A598-C5618DB8322C}"
EndProject
Global
	GlobalSection(SolutionConfigurationPlatforms) = preSolution
		Debug|Any CPU = Debug|Any CPU
		Release|Any CPU = Release|Any CPU
	EndGlobalSection
	GlobalSection(ProjectConfigurationPlatforms) = postSolution
		{90C4BD6B-AFD3-44B2-BE8B-446210769F9E}.Debug|Any CPU.ActiveCfg = Debug|Any CPU
		{90C4BD6B-AFD3-44B2-BE8B-446210769F9E}.Debug|Any CPU.Build.0 = Debug|Any CPU
		{90C4BD6B-AFD3-44B2-BE8B-446210769F9E}.Release|Any CPU.ActiveCfg = Release|Any CPU
		{90C4BD6B-AFD3-44B2-BE8B-446210769F9E}.Release|Any CPU.Build.0 = Release|Any CPU
		{7C035BE2-ED71-403A-A598-C5618DB8322C}.Debug|Any CPU.ActiveCfg = Debug|Any CPU
		{7C035BE2-ED71-403A-A598-C5618DB8322C}.Debug|Any CPU.Build.0 = Debug|Any CPU
		{7C035BE2-ED71-403A-A598-C5618DB8322C}.Release|Any CPU.ActiveCfg = Release|Any CPU
		{7C035BE2-ED71-403A-A598-C5618DB8322C}.Release|Any CPU.Build.0 = Release|Any CPU
	EndGlobalSection
	GlobalSection(SolutionProperties) = preSolution
		HideSolutionNode = FALSE
	EndGlobalSection
	GlobalSection(ExtensibilityGlobals) = postSolution
		SolutionGuid = {7010809D-A5EB-496B-A825-26CCC84BF313}
	EndGlobalSection
EndGlobal
